
Microsoft Visual Studio Solution File, Format Version 12.00
# Visual Studio Version 16
VisualStudioVersion = 16.0.29025.244
MinimumVisualStudioVersion = 10.0.40219.1
Project("{2150E333-8FDC-42A3-9474-1A3956D46DE8}") = "src", "src", "{87B73C80-3AED-4E82-A616-82D68D462410}"
EndProject
Project("{2150E333-8FDC-42A3-9474-1A3956D46DE8}") = "1-Services", "1-Services", "{8C044F9A-C193-42D4-AB4F-A33FE2CF065D}"
EndProject
Project("{2150E333-8FDC-42A3-9474-1A3956D46DE8}") = "2-Application", "2-Application", "{6C88C25D-B762-4E3C-A96C-B6D87322FA3D}"
EndProject
Project("{2150E333-8FDC-42A3-9474-1A3956D46DE8}") = "3-Domain", "3-Domain", "{A17B5882-3D61-4315-866B-A94E439CE3A0}"
EndProject
Project("{2150E333-8FDC-42A3-9474-1A3956D46DE8}") = "4-Infra", "4-Infra", "{BDE72318-6038-4780-B926-6CE6339848F4}"
EndProject
Project("{2150E333-8FDC-42A3-9474-1A3956D46DE8}") = "5-Tests", "5-Tests", "{F9A3D97D-EE71-4DF9-8EBE-141904928215}"
EndProject
Project("{2150E333-8FDC-42A3-9474-1A3956D46DE8}") = "App", "App", "{0A279EA1-7B94-46AA-9F36-A51251668F90}"
EndProject
Project("{9A19103F-16F7-4668-BE54-9A1E7A4F7556}") = "DEV.Api.App.Application", "src\Modules\App\DEV.Api.App.Application\DEV.Api.App.Application.csproj", "{3FE0E134-75B5-4A1E-9253-9C7EBCB9D4A7}"
EndProject
Project("{2150E333-8FDC-42A3-9474-1A3956D46DE8}") = "3.1-Main", "3.1-Main", "{7D4B3550-AEB3-4B72-8458-FF0B67DB5758}"
EndProject
Project("{2150E333-8FDC-42A3-9474-1A3956D46DE8}") = "3.2-Core", "3.2-Core", "{D28838A3-89BF-477F-98D7-5CEC6970297D}"
EndProject
Project("{9A19103F-16F7-4668-BE54-9A1E7A4F7556}") = "DEV.API.App.Domain", "src\Modules\App\DEV.API.App.Domain\DEV.API.App.Domain.csproj", "{2B659E01-485C-4EB0-8D19-A237AFB08FC9}"
EndProject
Project("{9A19103F-16F7-4668-BE54-9A1E7A4F7556}") = "DEV.API.App.Domain.Core", "src\Modules\App\DEV.API.App.Domain.Core\DEV.API.App.Domain.Core.csproj", "{3E9B4634-5E6D-400D-8FFC-0E7C00012F8B}"
EndProject
Project("{2150E333-8FDC-42A3-9474-1A3956D46DE8}") = "4.1-Repository", "4.1-Repository", "{A2AB23D6-7D76-419E-BA87-3E37FB6F39C7}"
EndProject
Project("{2150E333-8FDC-42A3-9474-1A3956D46DE8}") = "4.2-IoC", "4.2-IoC", "{0EE52959-782A-4548-86FC-EA62B57910BC}"
EndProject
Project("{9A19103F-16F7-4668-BE54-9A1E7A4F7556}") = "DEV.API.App.Infra.Repository", "src\Modules\App\DEV.API.App.Infra.Repository\DEV.API.App.Infra.Repository.csproj", "{C33D0A64-B74C-44B3-91E8-C33D4B1C3099}"
EndProject
Project("{9A19103F-16F7-4668-BE54-9A1E7A4F7556}") = "DEV.API.App.Infra.IoC", "src\Modules\App\DEV.API.App.Infra.IoC\DEV.API.App.Infra.IoC.csproj", "{AE6E51CC-9B33-4F97-B619-DE230AA8246A}"
EndProject
Project("{9A19103F-16F7-4668-BE54-9A1E7A4F7556}") = "DEV.API.App.UnitTest", "src\Modules\App\DEV.API.App.UnitTest\DEV.API.App.UnitTest.csproj", "{A19140D8-62BD-4DAE-A563-6C43135B832B}"
EndProject
Project("{FAE04EC0-301F-11D3-BF4B-00C04F79EFBC}") = "App.API", "src\Services\App.API\App.API.csproj", "{DEB7E0AD-512C-43DD-933B-5A3824D4675D}"
EndProject
Global
	GlobalSection(SolutionConfigurationPlatforms) = preSolution
		Debug|Any CPU = Debug|Any CPU
		Release|Any CPU = Release|Any CPU
	EndGlobalSection
	GlobalSection(ProjectConfigurationPlatforms) = postSolution
		{3FE0E134-75B5-4A1E-9253-9C7EBCB9D4A7}.Debug|Any CPU.ActiveCfg = Debug|Any CPU
		{3FE0E134-75B5-4A1E-9253-9C7EBCB9D4A7}.Debug|Any CPU.Build.0 = Debug|Any CPU
		{3FE0E134-75B5-4A1E-9253-9C7EBCB9D4A7}.Release|Any CPU.ActiveCfg = Release|Any CPU
		{3FE0E134-75B5-4A1E-9253-9C7EBCB9D4A7}.Release|Any CPU.Build.0 = Release|Any CPU
		{2B659E01-485C-4EB0-8D19-A237AFB08FC9}.Debug|Any CPU.ActiveCfg = Debug|Any CPU
		{2B659E01-485C-4EB0-8D19-A237AFB08FC9}.Debug|Any CPU.Build.0 = Debug|Any CPU
		{2B659E01-485C-4EB0-8D19-A237AFB08FC9}.Release|Any CPU.ActiveCfg = Release|Any CPU
		{2B659E01-485C-4EB0-8D19-A237AFB08FC9}.Release|Any CPU.Build.0 = Release|Any CPU
		{3E9B4634-5E6D-400D-8FFC-0E7C00012F8B}.Debug|Any CPU.ActiveCfg = Debug|Any CPU
		{3E9B4634-5E6D-400D-8FFC-0E7C00012F8B}.Debug|Any CPU.Build.0 = Debug|Any CPU
		{3E9B4634-5E6D-400D-8FFC-0E7C00012F8B}.Release|Any CPU.ActiveCfg = Release|Any CPU
		{3E9B4634-5E6D-400D-8FFC-0E7C00012F8B}.Release|Any CPU.Build.0 = Release|Any CPU
		{C33D0A64-B74C-44B3-91E8-C33D4B1C3099}.Debug|Any CPU.ActiveCfg = Debug|Any CPU
		{C33D0A64-B74C-44B3-91E8-C33D4B1C3099}.Debug|Any CPU.Build.0 = Debug|Any CPU
		{C33D0A64-B74C-44B3-91E8-C33D4B1C3099}.Release|Any CPU.ActiveCfg = Release|Any CPU
		{C33D0A64-B74C-44B3-91E8-C33D4B1C3099}.Release|Any CPU.Build.0 = Release|Any CPU
		{AE6E51CC-9B33-4F97-B619-DE230AA8246A}.Debug|Any CPU.ActiveCfg = Debug|Any CPU
		{AE6E51CC-9B33-4F97-B619-DE230AA8246A}.Debug|Any CPU.Build.0 = Debug|Any CPU
		{AE6E51CC-9B33-4F97-B619-DE230AA8246A}.Release|Any CPU.ActiveCfg = Release|Any CPU
		{AE6E51CC-9B33-4F97-B619-DE230AA8246A}.Release|Any CPU.Build.0 = Release|Any CPU
		{A19140D8-62BD-4DAE-A563-6C43135B832B}.Debug|Any CPU.ActiveCfg = Debug|Any CPU
		{A19140D8-62BD-4DAE-A563-6C43135B832B}.Debug|Any CPU.Build.0 = Debug|Any CPU
		{A19140D8-62BD-4DAE-A563-6C43135B832B}.Release|Any CPU.ActiveCfg = Release|Any CPU
		{A19140D8-62BD-4DAE-A563-6C43135B832B}.Release|Any CPU.Build.0 = Release|Any CPU
		{DEB7E0AD-512C-43DD-933B-5A3824D4675D}.Debug|Any CPU.ActiveCfg = Debug|Any CPU
		{DEB7E0AD-512C-43DD-933B-5A3824D4675D}.Debug|Any CPU.Build.0 = Debug|Any CPU
		{DEB7E0AD-512C-43DD-933B-5A3824D4675D}.Release|Any CPU.ActiveCfg = Release|Any CPU
		{DEB7E0AD-512C-43DD-933B-5A3824D4675D}.Release|Any CPU.Build.0 = Release|Any CPU
	EndGlobalSection
	GlobalSection(SolutionProperties) = preSolution
		HideSolutionNode = FALSE
	EndGlobalSection
	GlobalSection(NestedProjects) = preSolution
		{8C044F9A-C193-42D4-AB4F-A33FE2CF065D} = {87B73C80-3AED-4E82-A616-82D68D462410}
		{6C88C25D-B762-4E3C-A96C-B6D87322FA3D} = {87B73C80-3AED-4E82-A616-82D68D462410}
		{A17B5882-3D61-4315-866B-A94E439CE3A0} = {87B73C80-3AED-4E82-A616-82D68D462410}
		{BDE72318-6038-4780-B926-6CE6339848F4} = {87B73C80-3AED-4E82-A616-82D68D462410}
		{F9A3D97D-EE71-4DF9-8EBE-141904928215} = {87B73C80-3AED-4E82-A616-82D68D462410}
		{0A279EA1-7B94-46AA-9F36-A51251668F90} = {8C044F9A-C193-42D4-AB4F-A33FE2CF065D}
		{3FE0E134-75B5-4A1E-9253-9C7EBCB9D4A7} = {6C88C25D-B762-4E3C-A96C-B6D87322FA3D}
		{7D4B3550-AEB3-4B72-8458-FF0B67DB5758} = {A17B5882-3D61-4315-866B-A94E439CE3A0}
		{D28838A3-89BF-477F-98D7-5CEC6970297D} = {A17B5882-3D61-4315-866B-A94E439CE3A0}
		{2B659E01-485C-4EB0-8D19-A237AFB08FC9} = {7D4B3550-AEB3-4B72-8458-FF0B67DB5758}
		{3E9B4634-5E6D-400D-8FFC-0E7C00012F8B} = {D28838A3-89BF-477F-98D7-5CEC6970297D}
		{A2AB23D6-7D76-419E-BA87-3E37FB6F39C7} = {BDE72318-6038-4780-B926-6CE6339848F4}
		{0EE52959-782A-4548-86FC-EA62B57910BC} = {BDE72318-6038-4780-B926-6CE6339848F4}
		{C33D0A64-B74C-44B3-91E8-C33D4B1C3099} = {A2AB23D6-7D76-419E-BA87-3E37FB6F39C7}
		{AE6E51CC-9B33-4F97-B619-DE230AA8246A} = {0EE52959-782A-4548-86FC-EA62B57910BC}
		{A19140D8-62BD-4DAE-A563-6C43135B832B} = {F9A3D97D-EE71-4DF9-8EBE-141904928215}
		{DEB7E0AD-512C-43DD-933B-5A3824D4675D} = {0A279EA1-7B94-46AA-9F36-A51251668F90}
	EndGlobalSection
	GlobalSection(ExtensibilityGlobals) = postSolution
		SolutionGuid = {842888F6-F417-4DDB-A2F2-6D016E93804E}
	EndGlobalSection
EndGlobal
